
Microsoft Visual Studio Solution File, Format Version 12.00
# Visual Studio 15
VisualStudioVersion = 15.0.27130.2024
MinimumVisualStudioVersion = 10.0.40219.1
Project("{FAE04EC0-301F-11D3-BF4B-00C04F79EFBC}") = "Attantance_FullName", "Attantance_FullName\Attantance_FullName.csproj", "{E8564F94-85F7-4E06-AD2C-CB63A39F24FE}"
EndProject
Global
	GlobalSection(SolutionConfigurationPlatforms) = preSolution
		Debug|Any CPU = Debug|Any CPU
		Release|Any CPU = Release|Any CPU
	EndGlobalSection
	GlobalSection(ProjectConfigurationPlatforms) = postSolution
		{E8564F94-85F7-4E06-AD2C-CB63A39F24FE}.Debug|Any CPU.ActiveCfg = Debug|Any CPU
		{E8564F94-85F7-4E06-AD2C-CB63A39F24FE}.Debug|Any CPU.Build.0 = Debug|Any CPU
		{E8564F94-85F7-4E06-AD2C-CB63A39F24FE}.Release|Any CPU.ActiveCfg = Release|Any CPU
		{E8564F94-85F7-4E06-AD2C-CB63A39F24FE}.Release|Any CPU.Build.0 = Release|Any CPU
	EndGlobalSection
	GlobalSection(SolutionProperties) = preSolution
		HideSolutionNode = FALSE
	EndGlobalSection
	GlobalSection(ExtensibilityGlobals) = postSolution
		SolutionGuid = {1E54F585-F104-44F0-A964-1715683181EA}
	EndGlobalSection
EndGlobal
